
Microsoft Visual Studio Solution File, Format Version 12.00
# Visual Studio Version 16
VisualStudioVersion = 16.0.31112.23
MinimumVisualStudioVersion = 10.0.40219.1
Project("{9A19103F-16F7-4668-BE54-9A1E7A4F7556}") = "Challenge_1_(Cafe)", "Gold Badge Console Application Challenges\Challenge_1_(Cafe).csproj", "{4F1913C6-D615-4063-BFAB-9ECDED2E8B14}"
EndProject
Global
	GlobalSection(SolutionConfigurationPlatforms) = preSolution
		Debug|Any CPU = Debug|Any CPU
		Release|Any CPU = Release|Any CPU
	EndGlobalSection
	GlobalSection(ProjectConfigurationPlatforms) = postSolution
		{4F1913C6-D615-4063-BFAB-9ECDED2E8B14}.Debug|Any CPU.ActiveCfg = Debug|Any CPU
		{4F1913C6-D615-4063-BFAB-9ECDED2E8B14}.Debug|Any CPU.Build.0 = Debug|Any CPU
		{4F1913C6-D615-4063-BFAB-9ECDED2E8B14}.Release|Any CPU.ActiveCfg = Release|Any CPU
		{4F1913C6-D615-4063-BFAB-9ECDED2E8B14}.Release|Any CPU.Build.0 = Release|Any CPU
	EndGlobalSection
	GlobalSection(SolutionProperties) = preSolution
		HideSolutionNode = FALSE
	EndGlobalSection
	GlobalSection(ExtensibilityGlobals) = postSolution
		SolutionGuid = {2C89E0DA-9B87-4F2B-9081-1278EB9B306B}
	EndGlobalSection
EndGlobal
